
Microsoft Visual Studio Solution File, Format Version 12.00
# Visual Studio Version 16
VisualStudioVersion = 16.0.30309.148
MinimumVisualStudioVersion = 10.0.40219.1
Project("{FAE04EC0-301F-11D3-BF4B-00C04F79EFBC}") = "ExperimentApi", "ExperimentApi\ExperimentApi.csproj", "{43FBC145-E6B1-4B09-9EF8-27319CFAEA50}"
EndProject
Global
	GlobalSection(SolutionConfigurationPlatforms) = preSolution
		Debug|Any CPU = Debug|Any CPU
		Release|Any CPU = Release|Any CPU
	EndGlobalSection
	GlobalSection(ProjectConfigurationPlatforms) = postSolution
		{43FBC145-E6B1-4B09-9EF8-27319CFAEA50}.Debug|Any CPU.ActiveCfg = Debug|Any CPU
		{43FBC145-E6B1-4B09-9EF8-27319CFAEA50}.Debug|Any CPU.Build.0 = Debug|Any CPU
		{43FBC145-E6B1-4B09-9EF8-27319CFAEA50}.Release|Any CPU.ActiveCfg = Release|Any CPU
		{43FBC145-E6B1-4B09-9EF8-27319CFAEA50}.Release|Any CPU.Build.0 = Release|Any CPU
	EndGlobalSection
	GlobalSection(SolutionProperties) = preSolution
		HideSolutionNode = FALSE
	EndGlobalSection
	GlobalSection(ExtensibilityGlobals) = postSolution
		SolutionGuid = {0173BC7F-FB20-41E3-9C62-A3C5C841EBC4}
	EndGlobalSection
EndGlobal
